
Microsoft Visual Studio Solution File, Format Version 12.00
# Visual Studio Version 17
VisualStudioVersion = 17.0.31903.59
MinimumVisualStudioVersion = 10.0.40219.1
Project("{2150E333-8FDC-42A3-9474-1A3956D46DE8}") = "src", "src", "{6A3105A6-C895-4C7F-8844-EBC5AC82E27C}"
EndProject
Project("{F2A71F9B-5D33-465A-A702-920D77279786}") = "part1", "src\part1\part1.fsproj", "{B79BF28B-8B9B-4BEC-B3DF-B1C16A82125C}"
EndProject
Project("{F2A71F9B-5D33-465A-A702-920D77279786}") = "part2", "src\part2\part2.fsproj", "{F1AEA4ED-458F-44F7-8210-FB7BC07434CD}"
EndProject
Project("{F2A71F9B-5D33-465A-A702-920D77279786}") = "tests", "tests\tests.fsproj", "{E522EC82-87AE-4A28-950D-4067EEB6863E}"
EndProject
Project("{2150E333-8FDC-42A3-9474-1A3956D46DE8}") = "apps", "apps", "{532FB6C4-5EF0-4122-A9AB-5FC95A085A8B}"
EndProject
Project("{F2A71F9B-5D33-465A-A702-920D77279786}") = "part1-app", "apps\part1\part1-app.fsproj", "{9924A50C-EB4F-4108-ACA1-32FF9DCDD01C}"
EndProject
Project("{F2A71F9B-5D33-465A-A702-920D77279786}") = "part2-app", "apps\part2\part2-app.fsproj", "{5C0C4557-DF90-438D-86F9-E150EA49F6FC}"
EndProject
Global
	GlobalSection(SolutionProperties) = preSolution
		HideSolutionNode = FALSE
	EndGlobalSection
	GlobalSection(SolutionConfigurationPlatforms) = preSolution
		Debug|Any CPU = Debug|Any CPU
		Debug|x64 = Debug|x64
		Debug|x86 = Debug|x86
		Release|Any CPU = Release|Any CPU
		Release|x64 = Release|x64
		Release|x86 = Release|x86
	EndGlobalSection
	GlobalSection(ProjectConfigurationPlatforms) = postSolution
		{B79BF28B-8B9B-4BEC-B3DF-B1C16A82125C}.Debug|Any CPU.ActiveCfg = Debug|Any CPU
		{B79BF28B-8B9B-4BEC-B3DF-B1C16A82125C}.Debug|Any CPU.Build.0 = Debug|Any CPU
		{B79BF28B-8B9B-4BEC-B3DF-B1C16A82125C}.Debug|x64.ActiveCfg = Debug|Any CPU
		{B79BF28B-8B9B-4BEC-B3DF-B1C16A82125C}.Debug|x64.Build.0 = Debug|Any CPU
		{B79BF28B-8B9B-4BEC-B3DF-B1C16A82125C}.Debug|x86.ActiveCfg = Debug|Any CPU
		{B79BF28B-8B9B-4BEC-B3DF-B1C16A82125C}.Debug|x86.Build.0 = Debug|Any CPU
		{B79BF28B-8B9B-4BEC-B3DF-B1C16A82125C}.Release|Any CPU.ActiveCfg = Release|Any CPU
		{B79BF28B-8B9B-4BEC-B3DF-B1C16A82125C}.Release|Any CPU.Build.0 = Release|Any CPU
		{B79BF28B-8B9B-4BEC-B3DF-B1C16A82125C}.Release|x64.ActiveCfg = Release|Any CPU
		{B79BF28B-8B9B-4BEC-B3DF-B1C16A82125C}.Release|x64.Build.0 = Release|Any CPU
		{B79BF28B-8B9B-4BEC-B3DF-B1C16A82125C}.Release|x86.ActiveCfg = Release|Any CPU
		{B79BF28B-8B9B-4BEC-B3DF-B1C16A82125C}.Release|x86.Build.0 = Release|Any CPU
		{F1AEA4ED-458F-44F7-8210-FB7BC07434CD}.Debug|Any CPU.ActiveCfg = Debug|Any CPU
		{F1AEA4ED-458F-44F7-8210-FB7BC07434CD}.Debug|Any CPU.Build.0 = Debug|Any CPU
		{F1AEA4ED-458F-44F7-8210-FB7BC07434CD}.Debug|x64.ActiveCfg = Debug|Any CPU
		{F1AEA4ED-458F-44F7-8210-FB7BC07434CD}.Debug|x64.Build.0 = Debug|Any CPU
		{F1AEA4ED-458F-44F7-8210-FB7BC07434CD}.Debug|x86.ActiveCfg = Debug|Any CPU
		{F1AEA4ED-458F-44F7-8210-FB7BC07434CD}.Debug|x86.Build.0 = Debug|Any CPU
		{F1AEA4ED-458F-44F7-8210-FB7BC07434CD}.Release|Any CPU.ActiveCfg = Release|Any CPU
		{F1AEA4ED-458F-44F7-8210-FB7BC07434CD}.Release|Any CPU.Build.0 = Release|Any CPU
		{F1AEA4ED-458F-44F7-8210-FB7BC07434CD}.Release|x64.ActiveCfg = Release|Any CPU
		{F1AEA4ED-458F-44F7-8210-FB7BC07434CD}.Release|x64.Build.0 = Release|Any CPU
		{F1AEA4ED-458F-44F7-8210-FB7BC07434CD}.Release|x86.ActiveCfg = Release|Any CPU
		{F1AEA4ED-458F-44F7-8210-FB7BC07434CD}.Release|x86.Build.0 = Release|Any CPU
		{E522EC82-87AE-4A28-950D-4067EEB6863E}.Debug|Any CPU.ActiveCfg = Debug|Any CPU
		{E522EC82-87AE-4A28-950D-4067EEB6863E}.Debug|Any CPU.Build.0 = Debug|Any CPU
		{E522EC82-87AE-4A28-950D-4067EEB6863E}.Debug|x64.ActiveCfg = Debug|Any CPU
		{E522EC82-87AE-4A28-950D-4067EEB6863E}.Debug|x64.Build.0 = Debug|Any CPU
		{E522EC82-87AE-4A28-950D-4067EEB6863E}.Debug|x86.ActiveCfg = Debug|Any CPU
		{E522EC82-87AE-4A28-950D-4067EEB6863E}.Debug|x86.Build.0 = Debug|Any CPU
		{E522EC82-87AE-4A28-950D-4067EEB6863E}.Release|Any CPU.ActiveCfg = Release|Any CPU
		{E522EC82-87AE-4A28-950D-4067EEB6863E}.Release|Any CPU.Build.0 = Release|Any CPU
		{E522EC82-87AE-4A28-950D-4067EEB6863E}.Release|x64.ActiveCfg = Release|Any CPU
		{E522EC82-87AE-4A28-950D-4067EEB6863E}.Release|x64.Build.0 = Release|Any CPU
		{E522EC82-87AE-4A28-950D-4067EEB6863E}.Release|x86.ActiveCfg = Release|Any CPU
		{E522EC82-87AE-4A28-950D-4067EEB6863E}.Release|x86.Build.0 = Release|Any CPU
		{9924A50C-EB4F-4108-ACA1-32FF9DCDD01C}.Debug|Any CPU.ActiveCfg = Debug|Any CPU
		{9924A50C-EB4F-4108-ACA1-32FF9DCDD01C}.Debug|Any CPU.Build.0 = Debug|Any CPU
		{9924A50C-EB4F-4108-ACA1-32FF9DCDD01C}.Debug|x64.ActiveCfg = Debug|Any CPU
		{9924A50C-EB4F-4108-ACA1-32FF9DCDD01C}.Debug|x64.Build.0 = Debug|Any CPU
		{9924A50C-EB4F-4108-ACA1-32FF9DCDD01C}.Debug|x86.ActiveCfg = Debug|Any CPU
		{9924A50C-EB4F-4108-ACA1-32FF9DCDD01C}.Debug|x86.Build.0 = Debug|Any CPU
		{9924A50C-EB4F-4108-ACA1-32FF9DCDD01C}.Release|Any CPU.ActiveCfg = Release|Any CPU
		{9924A50C-EB4F-4108-ACA1-32FF9DCDD01C}.Release|Any CPU.Build.0 = Release|Any CPU
		{9924A50C-EB4F-4108-ACA1-32FF9DCDD01C}.Release|x64.ActiveCfg = Release|Any CPU
		{9924A50C-EB4F-4108-ACA1-32FF9DCDD01C}.Release|x64.Build.0 = Release|Any CPU
		{9924A50C-EB4F-4108-ACA1-32FF9DCDD01C}.Release|x86.ActiveCfg = Release|Any CPU
		{9924A50C-EB4F-4108-ACA1-32FF9DCDD01C}.Release|x86.Build.0 = Release|Any CPU
		{5C0C4557-DF90-438D-86F9-E150EA49F6FC}.Debug|Any CPU.ActiveCfg = Debug|Any CPU
		{5C0C4557-DF90-438D-86F9-E150EA49F6FC}.Debug|Any CPU.Build.0 = Debug|Any CPU
		{5C0C4557-DF90-438D-86F9-E150EA49F6FC}.Debug|x64.ActiveCfg = Debug|Any CPU
		{5C0C4557-DF90-438D-86F9-E150EA49F6FC}.Debug|x64.Build.0 = Debug|Any CPU
		{5C0C4557-DF90-438D-86F9-E150EA49F6FC}.Debug|x86.ActiveCfg = Debug|Any CPU
		{5C0C4557-DF90-438D-86F9-E150EA49F6FC}.Debug|x86.Build.0 = Debug|Any CPU
		{5C0C4557-DF90-438D-86F9-E150EA49F6FC}.Release|Any CPU.ActiveCfg = Release|Any CPU
		{5C0C4557-DF90-438D-86F9-E150EA49F6FC}.Release|Any CPU.Build.0 = Release|Any CPU
		{5C0C4557-DF90-438D-86F9-E150EA49F6FC}.Release|x64.ActiveCfg = Release|Any CPU
		{5C0C4557-DF90-438D-86F9-E150EA49F6FC}.Release|x64.Build.0 = Release|Any CPU
		{5C0C4557-DF90-438D-86F9-E150EA49F6FC}.Release|x86.ActiveCfg = Release|Any CPU
		{5C0C4557-DF90-438D-86F9-E150EA49F6FC}.Release|x86.Build.0 = Release|Any CPU
	EndGlobalSection
	GlobalSection(NestedProjects) = preSolution
		{B79BF28B-8B9B-4BEC-B3DF-B1C16A82125C} = {6A3105A6-C895-4C7F-8844-EBC5AC82E27C}
		{F1AEA4ED-458F-44F7-8210-FB7BC07434CD} = {6A3105A6-C895-4C7F-8844-EBC5AC82E27C}
		{9924A50C-EB4F-4108-ACA1-32FF9DCDD01C} = {532FB6C4-5EF0-4122-A9AB-5FC95A085A8B}
		{5C0C4557-DF90-438D-86F9-E150EA49F6FC} = {532FB6C4-5EF0-4122-A9AB-5FC95A085A8B}
	EndGlobalSection
EndGlobal
